
Microsoft Visual Studio Solution File, Format Version 12.00
# Visual Studio 15
VisualStudioVersion = 15.0.28010.2046
MinimumVisualStudioVersion = 10.0.40219.1
Project("{FAE04EC0-301F-11D3-BF4B-00C04F79EFBC}") = "Gibbinator.Android", "Gibbinator\Gibbinator.Android\Gibbinator.Android.csproj", "{24CE3C36-16B9-426D-AA0C-5961ECF8D88C}"
EndProject
Project("{FAE04EC0-301F-11D3-BF4B-00C04F79EFBC}") = "Gibbinator.iOS", "Gibbinator\Gibbinator.iOS\Gibbinator.iOS.csproj", "{FE9A18A0-349A-43A7-97CD-1ED042C13655}"
EndProject
Project("{FAE04EC0-301F-11D3-BF4B-00C04F79EFBC}") = "Gibbinator", "Gibbinator\Gibbinator\Gibbinator.csproj", "{50A2BA83-EBC6-412F-B73E-6CF447BAC865}"
EndProject
Global
	GlobalSection(SolutionConfigurationPlatforms) = preSolution
		Debug|Any CPU = Debug|Any CPU
		Debug|iPhone = Debug|iPhone
		Debug|iPhoneSimulator = Debug|iPhoneSimulator
		Release|Any CPU = Release|Any CPU
		Release|iPhone = Release|iPhone
		Release|iPhoneSimulator = Release|iPhoneSimulator
	EndGlobalSection
	GlobalSection(ProjectConfigurationPlatforms) = postSolution
		{24CE3C36-16B9-426D-AA0C-5961ECF8D88C}.Debug|Any CPU.ActiveCfg = Debug|Any CPU
		{24CE3C36-16B9-426D-AA0C-5961ECF8D88C}.Debug|Any CPU.Build.0 = Debug|Any CPU
		{24CE3C36-16B9-426D-AA0C-5961ECF8D88C}.Debug|Any CPU.Deploy.0 = Debug|Any CPU
		{24CE3C36-16B9-426D-AA0C-5961ECF8D88C}.Debug|iPhone.ActiveCfg = Debug|Any CPU
		{24CE3C36-16B9-426D-AA0C-5961ECF8D88C}.Debug|iPhone.Build.0 = Debug|Any CPU
		{24CE3C36-16B9-426D-AA0C-5961ECF8D88C}.Debug|iPhone.Deploy.0 = Debug|Any CPU
		{24CE3C36-16B9-426D-AA0C-5961ECF8D88C}.Debug|iPhoneSimulator.ActiveCfg = Debug|Any CPU
		{24CE3C36-16B9-426D-AA0C-5961ECF8D88C}.Debug|iPhoneSimulator.Build.0 = Debug|Any CPU
		{24CE3C36-16B9-426D-AA0C-5961ECF8D88C}.Debug|iPhoneSimulator.Deploy.0 = Debug|Any CPU
		{24CE3C36-16B9-426D-AA0C-5961ECF8D88C}.Release|Any CPU.ActiveCfg = Release|Any CPU
		{24CE3C36-16B9-426D-AA0C-5961ECF8D88C}.Release|Any CPU.Build.0 = Release|Any CPU
		{24CE3C36-16B9-426D-AA0C-5961ECF8D88C}.Release|Any CPU.Deploy.0 = Release|Any CPU
		{24CE3C36-16B9-426D-AA0C-5961ECF8D88C}.Release|iPhone.ActiveCfg = Release|Any CPU
		{24CE3C36-16B9-426D-AA0C-5961ECF8D88C}.Release|iPhone.Build.0 = Release|Any CPU
		{24CE3C36-16B9-426D-AA0C-5961ECF8D88C}.Release|iPhone.Deploy.0 = Release|Any CPU
		{24CE3C36-16B9-426D-AA0C-5961ECF8D88C}.Release|iPhoneSimulator.ActiveCfg = Release|Any CPU
		{24CE3C36-16B9-426D-AA0C-5961ECF8D88C}.Release|iPhoneSimulator.Build.0 = Release|Any CPU
		{24CE3C36-16B9-426D-AA0C-5961ECF8D88C}.Release|iPhoneSimulator.Deploy.0 = Release|Any CPU
		{FE9A18A0-349A-43A7-97CD-1ED042C13655}.Debug|Any CPU.ActiveCfg = Debug|iPhoneSimulator
		{FE9A18A0-349A-43A7-97CD-1ED042C13655}.Debug|Any CPU.Build.0 = Debug|iPhoneSimulator
		{FE9A18A0-349A-43A7-97CD-1ED042C13655}.Debug|Any CPU.Deploy.0 = Debug|iPhoneSimulator
		{FE9A18A0-349A-43A7-97CD-1ED042C13655}.Debug|iPhone.ActiveCfg = Debug|iPhone
		{FE9A18A0-349A-43A7-97CD-1ED042C13655}.Debug|iPhone.Build.0 = Debug|iPhone
		{FE9A18A0-349A-43A7-97CD-1ED042C13655}.Debug|iPhone.Deploy.0 = Debug|iPhone
		{FE9A18A0-349A-43A7-97CD-1ED042C13655}.Debug|iPhoneSimulator.ActiveCfg = Debug|iPhoneSimulator
		{FE9A18A0-349A-43A7-97CD-1ED042C13655}.Debug|iPhoneSimulator.Build.0 = Debug|iPhoneSimulator
		{FE9A18A0-349A-43A7-97CD-1ED042C13655}.Debug|iPhoneSimulator.Deploy.0 = Debug|iPhoneSimulator
		{FE9A18A0-349A-43A7-97CD-1ED042C13655}.Release|Any CPU.ActiveCfg = Release|iPhone
		{FE9A18A0-349A-43A7-97CD-1ED042C13655}.Release|Any CPU.Build.0 = Release|iPhone
		{FE9A18A0-349A-43A7-97CD-1ED042C13655}.Release|Any CPU.Deploy.0 = Release|iPhone
		{FE9A18A0-349A-43A7-97CD-1ED042C13655}.Release|iPhone.ActiveCfg = Release|iPhone
		{FE9A18A0-349A-43A7-97CD-1ED042C13655}.Release|iPhone.Build.0 = Release|iPhone
		{FE9A18A0-349A-43A7-97CD-1ED042C13655}.Release|iPhone.Deploy.0 = Release|iPhone
		{FE9A18A0-349A-43A7-97CD-1ED042C13655}.Release|iPhoneSimulator.ActiveCfg = Release|iPhoneSimulator
		{FE9A18A0-349A-43A7-97CD-1ED042C13655}.Release|iPhoneSimulator.Build.0 = Release|iPhoneSimulator
		{FE9A18A0-349A-43A7-97CD-1ED042C13655}.Release|iPhoneSimulator.Deploy.0 = Release|iPhoneSimulator
		{50A2BA83-EBC6-412F-B73E-6CF447BAC865}.Debug|Any CPU.ActiveCfg = Debug|Any CPU
		{50A2BA83-EBC6-412F-B73E-6CF447BAC865}.Debug|Any CPU.Build.0 = Debug|Any CPU
		{50A2BA83-EBC6-412F-B73E-6CF447BAC865}.Debug|Any CPU.Deploy.0 = Debug|Any CPU
		{50A2BA83-EBC6-412F-B73E-6CF447BAC865}.Debug|iPhone.ActiveCfg = Debug|Any CPU
		{50A2BA83-EBC6-412F-B73E-6CF447BAC865}.Debug|iPhone.Build.0 = Debug|Any CPU
		{50A2BA83-EBC6-412F-B73E-6CF447BAC865}.Debug|iPhone.Deploy.0 = Debug|Any CPU
		{50A2BA83-EBC6-412F-B73E-6CF447BAC865}.Debug|iPhoneSimulator.ActiveCfg = Debug|Any CPU
		{50A2BA83-EBC6-412F-B73E-6CF447BAC865}.Debug|iPhoneSimulator.Build.0 = Debug|Any CPU
		{50A2BA83-EBC6-412F-B73E-6CF447BAC865}.Debug|iPhoneSimulator.Deploy.0 = Debug|Any CPU
		{50A2BA83-EBC6-412F-B73E-6CF447BAC865}.Release|Any CPU.ActiveCfg = Release|Any CPU
		{50A2BA83-EBC6-412F-B73E-6CF447BAC865}.Release|Any CPU.Build.0 = Release|Any CPU
		{50A2BA83-EBC6-412F-B73E-6CF447BAC865}.Release|Any CPU.Deploy.0 = Release|Any CPU
		{50A2BA83-EBC6-412F-B73E-6CF447BAC865}.Release|iPhone.ActiveCfg = Release|Any CPU
		{50A2BA83-EBC6-412F-B73E-6CF447BAC865}.Release|iPhone.Build.0 = Release|Any CPU
		{50A2BA83-EBC6-412F-B73E-6CF447BAC865}.Release|iPhone.Deploy.0 = Release|Any CPU
		{50A2BA83-EBC6-412F-B73E-6CF447BAC865}.Release|iPhoneSimulator.ActiveCfg = Release|Any CPU
		{50A2BA83-EBC6-412F-B73E-6CF447BAC865}.Release|iPhoneSimulator.Build.0 = Release|Any CPU
		{50A2BA83-EBC6-412F-B73E-6CF447BAC865}.Release|iPhoneSimulator.Deploy.0 = Release|Any CPU
	EndGlobalSection
	GlobalSection(SolutionProperties) = preSolution
		HideSolutionNode = FALSE
	EndGlobalSection
	GlobalSection(ExtensibilityGlobals) = postSolution
		SolutionGuid = {83C267ED-7E25-4F84-A9DA-BF9E2B9C64EB}
	EndGlobalSection
EndGlobal
